
Microsoft Visual Studio Solution File, Format Version 12.00
# Visual Studio Version 17
VisualStudioVersion = 17.14.36414.22 d17.14
MinimumVisualStudioVersion = 10.0.40219.1
Project("{FAE04EC0-301F-11D3-BF4B-00C04F79EFBC}") = "TerranovaDemo", "TerranovaDemo.csproj", "{1E76C50F-526B-4FFC-B119-A40AFBD4FCBE}"
EndProject
Global
	GlobalSection(SolutionConfigurationPlatforms) = preSolution
		Debug|Any CPU = Debug|Any CPU
		Release|Any CPU = Release|Any CPU
	EndGlobalSection
	GlobalSection(ProjectConfigurationPlatforms) = postSolution
		{1E76C50F-526B-4FFC-B119-A40AFBD4FCBE}.Debug|Any CPU.ActiveCfg = Debug|Any CPU
		{1E76C50F-526B-4FFC-B119-A40AFBD4FCBE}.Debug|Any CPU.Build.0 = Debug|Any CPU
		{1E76C50F-526B-4FFC-B119-A40AFBD4FCBE}.Debug|Any CPU.Deploy.0 = Debug|Any CPU
		{1E76C50F-526B-4FFC-B119-A40AFBD4FCBE}.Release|Any CPU.ActiveCfg = Release|Any CPU
		{1E76C50F-526B-4FFC-B119-A40AFBD4FCBE}.Release|Any CPU.Build.0 = Release|Any CPU
		{1E76C50F-526B-4FFC-B119-A40AFBD4FCBE}.Release|Any CPU.Deploy.0 = Release|Any CPU
	EndGlobalSection
	GlobalSection(SolutionProperties) = preSolution
		HideSolutionNode = FALSE
	EndGlobalSection
	GlobalSection(ExtensibilityGlobals) = postSolution
		SolutionGuid = {206FB1A8-04AB-4C99-BF80-3D229E86297E}
	EndGlobalSection
EndGlobal
